
Microsoft Visual Studio Solution File, Format Version 12.00
# Visual Studio Version 16
VisualStudioVersion = 16.0.31624.102
MinimumVisualStudioVersion = 10.0.40219.1
Project("{9A19103F-16F7-4668-BE54-9A1E7A4F7556}") = "CodilityNumberOfDiscIntersections", "Codility\CodilityNumberOfDiscIntersections\CodilityNumberOfDiscIntersections.csproj", "{9852C5EC-EE64-4655-B902-5E96951962CC}"
EndProject
Project("{9A19103F-16F7-4668-BE54-9A1E7A4F7556}") = "CodilityNumberOfDiscIntersectionsXTests", "Codility\CodilityNumberOfDiscIntersectionsXTests\CodilityNumberOfDiscIntersectionsXTests.csproj", "{7907B237-63B7-4F5E-8235-1153258BF39A}"
EndProject
Project("{9A19103F-16F7-4668-BE54-9A1E7A4F7556}") = "CodeWarsSumTwoSmallestNumbers", "CodeWars\CodeWarsSumTwoSmallestNumbers\CodeWarsSumTwoSmallestNumbers.csproj", "{41BAD8FF-FF86-42D8-97F4-B8EAFAFEEBE6}"
EndProject
Project("{9A19103F-16F7-4668-BE54-9A1E7A4F7556}") = "CodeWarsSumTwoSmallestNumbersNTest", "CodeWars\CodeWarsSumTwoSmallestNumbersNTest\CodeWarsSumTwoSmallestNumbersNTest.csproj", "{86CDB9A7-43BC-4EB1-98C2-DC975A29169E}"
EndProject
Project("{9A19103F-16F7-4668-BE54-9A1E7A4F7556}") = "CodeWarsYourOrderPlease", "CodeWars\CodeWarsYourOrderPlease\CodeWarsYourOrderPlease.csproj", "{C7E97A53-0E42-4A87-86E0-6C901FF9F7A4}"
EndProject
Project("{9A19103F-16F7-4668-BE54-9A1E7A4F7556}") = "CodeWarsYourOrderPleaseNTests", "CodeWars\CodeWarsYourOrderPleaseNTests\CodeWarsYourOrderPleaseNTests.csproj", "{FABC48EE-05CA-4E02-8C60-054F26CDA68A}"
EndProject
Project("{9A19103F-16F7-4668-BE54-9A1E7A4F7556}") = "FigureArea", "Figure\FigureArea\FigureArea.csproj", "{A7131E78-D55E-422C-B315-176B233367A9}"
EndProject
Project("{9A19103F-16F7-4668-BE54-9A1E7A4F7556}") = "FigureAreaTests", "Figure\FigureAreaTests\FigureAreaTests.csproj", "{A62B811B-3D21-448A-9C2D-98C84C3E4AEF}"
EndProject
Project("{2150E333-8FDC-42A3-9474-1A3956D46DE8}") = "Figure", "Figure", "{225BCFAB-94A4-4029-AB5A-3499787AE151}"
EndProject
Global
	GlobalSection(SolutionConfigurationPlatforms) = preSolution
		Debug|Any CPU = Debug|Any CPU
		Release|Any CPU = Release|Any CPU
	EndGlobalSection
	GlobalSection(ProjectConfigurationPlatforms) = postSolution
		{9852C5EC-EE64-4655-B902-5E96951962CC}.Debug|Any CPU.ActiveCfg = Debug|Any CPU
		{9852C5EC-EE64-4655-B902-5E96951962CC}.Debug|Any CPU.Build.0 = Debug|Any CPU
		{9852C5EC-EE64-4655-B902-5E96951962CC}.Release|Any CPU.ActiveCfg = Release|Any CPU
		{9852C5EC-EE64-4655-B902-5E96951962CC}.Release|Any CPU.Build.0 = Release|Any CPU
		{7907B237-63B7-4F5E-8235-1153258BF39A}.Debug|Any CPU.ActiveCfg = Debug|Any CPU
		{7907B237-63B7-4F5E-8235-1153258BF39A}.Debug|Any CPU.Build.0 = Debug|Any CPU
		{7907B237-63B7-4F5E-8235-1153258BF39A}.Release|Any CPU.ActiveCfg = Release|Any CPU
		{7907B237-63B7-4F5E-8235-1153258BF39A}.Release|Any CPU.Build.0 = Release|Any CPU
		{41BAD8FF-FF86-42D8-97F4-B8EAFAFEEBE6}.Debug|Any CPU.ActiveCfg = Debug|Any CPU
		{41BAD8FF-FF86-42D8-97F4-B8EAFAFEEBE6}.Debug|Any CPU.Build.0 = Debug|Any CPU
		{41BAD8FF-FF86-42D8-97F4-B8EAFAFEEBE6}.Release|Any CPU.ActiveCfg = Release|Any CPU
		{41BAD8FF-FF86-42D8-97F4-B8EAFAFEEBE6}.Release|Any CPU.Build.0 = Release|Any CPU
		{86CDB9A7-43BC-4EB1-98C2-DC975A29169E}.Debug|Any CPU.ActiveCfg = Debug|Any CPU
		{86CDB9A7-43BC-4EB1-98C2-DC975A29169E}.Debug|Any CPU.Build.0 = Debug|Any CPU
		{86CDB9A7-43BC-4EB1-98C2-DC975A29169E}.Release|Any CPU.ActiveCfg = Release|Any CPU
		{86CDB9A7-43BC-4EB1-98C2-DC975A29169E}.Release|Any CPU.Build.0 = Release|Any CPU
		{C7E97A53-0E42-4A87-86E0-6C901FF9F7A4}.Debug|Any CPU.ActiveCfg = Debug|Any CPU
		{C7E97A53-0E42-4A87-86E0-6C901FF9F7A4}.Debug|Any CPU.Build.0 = Debug|Any CPU
		{C7E97A53-0E42-4A87-86E0-6C901FF9F7A4}.Release|Any CPU.ActiveCfg = Release|Any CPU
		{C7E97A53-0E42-4A87-86E0-6C901FF9F7A4}.Release|Any CPU.Build.0 = Release|Any CPU
		{FABC48EE-05CA-4E02-8C60-054F26CDA68A}.Debug|Any CPU.ActiveCfg = Debug|Any CPU
		{FABC48EE-05CA-4E02-8C60-054F26CDA68A}.Debug|Any CPU.Build.0 = Debug|Any CPU
		{FABC48EE-05CA-4E02-8C60-054F26CDA68A}.Release|Any CPU.ActiveCfg = Release|Any CPU
		{FABC48EE-05CA-4E02-8C60-054F26CDA68A}.Release|Any CPU.Build.0 = Release|Any CPU
		{A7131E78-D55E-422C-B315-176B233367A9}.Debug|Any CPU.ActiveCfg = Debug|Any CPU
		{A7131E78-D55E-422C-B315-176B233367A9}.Debug|Any CPU.Build.0 = Debug|Any CPU
		{A7131E78-D55E-422C-B315-176B233367A9}.Release|Any CPU.ActiveCfg = Release|Any CPU
		{A7131E78-D55E-422C-B315-176B233367A9}.Release|Any CPU.Build.0 = Release|Any CPU
		{A62B811B-3D21-448A-9C2D-98C84C3E4AEF}.Debug|Any CPU.ActiveCfg = Debug|Any CPU
		{A62B811B-3D21-448A-9C2D-98C84C3E4AEF}.Debug|Any CPU.Build.0 = Debug|Any CPU
		{A62B811B-3D21-448A-9C2D-98C84C3E4AEF}.Release|Any CPU.ActiveCfg = Release|Any CPU
		{A62B811B-3D21-448A-9C2D-98C84C3E4AEF}.Release|Any CPU.Build.0 = Release|Any CPU
	EndGlobalSection
	GlobalSection(SolutionProperties) = preSolution
		HideSolutionNode = FALSE
	EndGlobalSection
	GlobalSection(NestedProjects) = preSolution
		{A7131E78-D55E-422C-B315-176B233367A9} = {225BCFAB-94A4-4029-AB5A-3499787AE151}
		{A62B811B-3D21-448A-9C2D-98C84C3E4AEF} = {225BCFAB-94A4-4029-AB5A-3499787AE151}
	EndGlobalSection
	GlobalSection(ExtensibilityGlobals) = postSolution
		SolutionGuid = {95E64E41-54B5-426A-9A6E-6B5383197F67}
	EndGlobalSection
EndGlobal
