
Microsoft Visual Studio Solution File, Format Version 12.00
# Visual Studio Version 16
VisualStudioVersion = 16.0.31624.102
MinimumVisualStudioVersion = 10.0.40219.1
Project("{FAE04EC0-301F-11D3-BF4B-00C04F79EFBC}") = "CodilityNumberOfDiscIntersections", "CodilityNumberOfDiscIntersections\CodilityNumberOfDiscIntersections.csproj", "{9852C5EC-EE64-4655-B902-5E96951962CC}"
EndProject
Project("{FAE04EC0-301F-11D3-BF4B-00C04F79EFBC}") = "CodilityNumberOfDiscIntersectionsXTests", "CodilityNumberOfDiscIntersectionsXTests\CodilityNumberOfDiscIntersectionsXTests.csproj", "{7907B237-63B7-4F5E-8235-1153258BF39A}"
EndProject
Global
	GlobalSection(SolutionConfigurationPlatforms) = preSolution
		Debug|Any CPU = Debug|Any CPU
		Release|Any CPU = Release|Any CPU
	EndGlobalSection
	GlobalSection(ProjectConfigurationPlatforms) = postSolution
		{9852C5EC-EE64-4655-B902-5E96951962CC}.Debug|Any CPU.ActiveCfg = Debug|Any CPU
		{9852C5EC-EE64-4655-B902-5E96951962CC}.Debug|Any CPU.Build.0 = Debug|Any CPU
		{9852C5EC-EE64-4655-B902-5E96951962CC}.Release|Any CPU.ActiveCfg = Release|Any CPU
		{9852C5EC-EE64-4655-B902-5E96951962CC}.Release|Any CPU.Build.0 = Release|Any CPU
		{7907B237-63B7-4F5E-8235-1153258BF39A}.Debug|Any CPU.ActiveCfg = Debug|Any CPU
		{7907B237-63B7-4F5E-8235-1153258BF39A}.Debug|Any CPU.Build.0 = Debug|Any CPU
		{7907B237-63B7-4F5E-8235-1153258BF39A}.Release|Any CPU.ActiveCfg = Release|Any CPU
		{7907B237-63B7-4F5E-8235-1153258BF39A}.Release|Any CPU.Build.0 = Release|Any CPU
	EndGlobalSection
	GlobalSection(SolutionProperties) = preSolution
		HideSolutionNode = FALSE
	EndGlobalSection
	GlobalSection(ExtensibilityGlobals) = postSolution
		SolutionGuid = {95E64E41-54B5-426A-9A6E-6B5383197F67}
	EndGlobalSection
EndGlobal
